
Microsoft Visual Studio Solution File, Format Version 12.00
# Visual Studio Version 17
VisualStudioVersion = 17.2.32519.379
MinimumVisualStudioVersion = 10.0.40219.1
Project("{9A19103F-16F7-4668-BE54-9A1E7A4F7556}") = "RazorSoft.Media.Runtime", ".Shell\.Runtime\RazorSoft.Media.Runtime.csproj", "{F353BEAC-A28F-420B-A174-14F180AB7949}"
EndProject
Project("{9A19103F-16F7-4668-BE54-9A1E7A4F7556}") = "RazorSoft.Media.Runtime.Domain", ".Shell\.Runtime.Domain\RazorSoft.Media.Runtime.Domain.csproj", "{1AF15B9D-0FBC-4EF7-9639-0B61EB4D17EA}"
EndProject
Project("{2150E333-8FDC-42A3-9474-1A3956D46DE8}") = ".Testing", ".Testing", "{B2A12DB0-8EFD-41AF-8F3B-FC52B8B7BF2C}"
EndProject
Project("{2150E333-8FDC-42A3-9474-1A3956D46DE8}") = ".Samples", ".Samples", "{29578D4D-1614-4CF9-9DC6-C3515A8632A5}"
EndProject
Project("{9A19103F-16F7-4668-BE54-9A1E7A4F7556}") = "Runtime.FunctionalTests", "..\..\testing\Runtime.FunctionalTests\Runtime.FunctionalTests.csproj", "{AD77ECAD-FBC2-48FE-A77C-9B67FACDFF05}"
EndProject
Project("{9A19103F-16F7-4668-BE54-9A1E7A4F7556}") = "LaunchContext", "..\..\samples\LaunchContext\LaunchContext.csproj", "{C667993C-80F4-48BB-9F39-5FB783EA0294}"
EndProject
Project("{9A19103F-16F7-4668-BE54-9A1E7A4F7556}") = "LaunchShell", "..\..\samples\LaunchShell\LaunchShell.csproj", "{DE35AE3C-7588-483A-B3E6-CBC4079C6F20}"
EndProject
Global
	GlobalSection(SolutionConfigurationPlatforms) = preSolution
		Debug|Any CPU = Debug|Any CPU
		Release|Any CPU = Release|Any CPU
	EndGlobalSection
	GlobalSection(ProjectConfigurationPlatforms) = postSolution
		{F353BEAC-A28F-420B-A174-14F180AB7949}.Debug|Any CPU.ActiveCfg = Debug|Any CPU
		{F353BEAC-A28F-420B-A174-14F180AB7949}.Debug|Any CPU.Build.0 = Debug|Any CPU
		{F353BEAC-A28F-420B-A174-14F180AB7949}.Release|Any CPU.ActiveCfg = Release|Any CPU
		{F353BEAC-A28F-420B-A174-14F180AB7949}.Release|Any CPU.Build.0 = Release|Any CPU
		{1AF15B9D-0FBC-4EF7-9639-0B61EB4D17EA}.Debug|Any CPU.ActiveCfg = Debug|Any CPU
		{1AF15B9D-0FBC-4EF7-9639-0B61EB4D17EA}.Debug|Any CPU.Build.0 = Debug|Any CPU
		{1AF15B9D-0FBC-4EF7-9639-0B61EB4D17EA}.Release|Any CPU.ActiveCfg = Release|Any CPU
		{1AF15B9D-0FBC-4EF7-9639-0B61EB4D17EA}.Release|Any CPU.Build.0 = Release|Any CPU
		{AD77ECAD-FBC2-48FE-A77C-9B67FACDFF05}.Debug|Any CPU.ActiveCfg = Debug|Any CPU
		{AD77ECAD-FBC2-48FE-A77C-9B67FACDFF05}.Debug|Any CPU.Build.0 = Debug|Any CPU
		{AD77ECAD-FBC2-48FE-A77C-9B67FACDFF05}.Release|Any CPU.ActiveCfg = Release|Any CPU
		{AD77ECAD-FBC2-48FE-A77C-9B67FACDFF05}.Release|Any CPU.Build.0 = Release|Any CPU
		{C667993C-80F4-48BB-9F39-5FB783EA0294}.Debug|Any CPU.ActiveCfg = Debug|Any CPU
		{C667993C-80F4-48BB-9F39-5FB783EA0294}.Debug|Any CPU.Build.0 = Debug|Any CPU
		{C667993C-80F4-48BB-9F39-5FB783EA0294}.Release|Any CPU.ActiveCfg = Release|Any CPU
		{C667993C-80F4-48BB-9F39-5FB783EA0294}.Release|Any CPU.Build.0 = Release|Any CPU
		{DE35AE3C-7588-483A-B3E6-CBC4079C6F20}.Debug|Any CPU.ActiveCfg = Debug|Any CPU
		{DE35AE3C-7588-483A-B3E6-CBC4079C6F20}.Debug|Any CPU.Build.0 = Debug|Any CPU
		{DE35AE3C-7588-483A-B3E6-CBC4079C6F20}.Release|Any CPU.ActiveCfg = Release|Any CPU
		{DE35AE3C-7588-483A-B3E6-CBC4079C6F20}.Release|Any CPU.Build.0 = Release|Any CPU
	EndGlobalSection
	GlobalSection(SolutionProperties) = preSolution
		HideSolutionNode = FALSE
	EndGlobalSection
	GlobalSection(NestedProjects) = preSolution
		{AD77ECAD-FBC2-48FE-A77C-9B67FACDFF05} = {B2A12DB0-8EFD-41AF-8F3B-FC52B8B7BF2C}
		{C667993C-80F4-48BB-9F39-5FB783EA0294} = {29578D4D-1614-4CF9-9DC6-C3515A8632A5}
		{DE35AE3C-7588-483A-B3E6-CBC4079C6F20} = {29578D4D-1614-4CF9-9DC6-C3515A8632A5}
	EndGlobalSection
	GlobalSection(ExtensibilityGlobals) = postSolution
		SolutionGuid = {2A3D913E-6E36-4AD1-BAC2-CDBEF5AC622B}
	EndGlobalSection
EndGlobal
