
Microsoft Visual Studio Solution File, Format Version 12.00
# Visual Studio Version 17
VisualStudioVersion = 17.2.32519.379
MinimumVisualStudioVersion = 10.0.40219.1
Project("{9A19103F-16F7-4668-BE54-9A1E7A4F7556}") = "RazorSoft.Media.Runtime", ".Shell\.Runtime\RazorSoft.Media.Runtime.csproj", "{F353BEAC-A28F-420B-A174-14F180AB7949}"
EndProject
Project("{9A19103F-16F7-4668-BE54-9A1E7A4F7556}") = "RazorSoft.Media.Runtime.Domain", ".Shell\.Runtime.Domain\RazorSoft.Media.Runtime.Domain.csproj", "{1AF15B9D-0FBC-4EF7-9639-0B61EB4D17EA}"
EndProject
Project("{2150E333-8FDC-42A3-9474-1A3956D46DE8}") = ".Testing", ".Testing", "{B2A12DB0-8EFD-41AF-8F3B-FC52B8B7BF2C}"
EndProject
Project("{2150E333-8FDC-42A3-9474-1A3956D46DE8}") = ".Samples", ".Samples", "{29578D4D-1614-4CF9-9DC6-C3515A8632A5}"
EndProject
Project("{9A19103F-16F7-4668-BE54-9A1E7A4F7556}") = "LaunchShell", ".Shell\.Samples\LaunchShell\LaunchShell.csproj", "{66A2DBB4-8AA6-4ECF-8CD3-042F37CC1F90}"
EndProject
Project("{9A19103F-16F7-4668-BE54-9A1E7A4F7556}") = "LaunchContext", ".Shell\.Samples\LaunchContext\LaunchContext.csproj", "{CDD737D2-0968-4B97-B676-5496D2D10655}"
EndProject
Project("{9A19103F-16F7-4668-BE54-9A1E7A4F7556}") = "Runtime.FunctionalTests", ".Testing\Runtime.FunctionalTests\Runtime.FunctionalTests.csproj", "{17320264-75E1-4C3B-898A-73267EDAEC95}"
EndProject
Global
	GlobalSection(SolutionConfigurationPlatforms) = preSolution
		Debug|Any CPU = Debug|Any CPU
		Release|Any CPU = Release|Any CPU
	EndGlobalSection
	GlobalSection(ProjectConfigurationPlatforms) = postSolution
		{F353BEAC-A28F-420B-A174-14F180AB7949}.Debug|Any CPU.ActiveCfg = Debug|Any CPU
		{F353BEAC-A28F-420B-A174-14F180AB7949}.Debug|Any CPU.Build.0 = Debug|Any CPU
		{F353BEAC-A28F-420B-A174-14F180AB7949}.Release|Any CPU.ActiveCfg = Release|Any CPU
		{F353BEAC-A28F-420B-A174-14F180AB7949}.Release|Any CPU.Build.0 = Release|Any CPU
		{1AF15B9D-0FBC-4EF7-9639-0B61EB4D17EA}.Debug|Any CPU.ActiveCfg = Debug|Any CPU
		{1AF15B9D-0FBC-4EF7-9639-0B61EB4D17EA}.Debug|Any CPU.Build.0 = Debug|Any CPU
		{1AF15B9D-0FBC-4EF7-9639-0B61EB4D17EA}.Release|Any CPU.ActiveCfg = Release|Any CPU
		{1AF15B9D-0FBC-4EF7-9639-0B61EB4D17EA}.Release|Any CPU.Build.0 = Release|Any CPU
		{66A2DBB4-8AA6-4ECF-8CD3-042F37CC1F90}.Debug|Any CPU.ActiveCfg = Debug|Any CPU
		{66A2DBB4-8AA6-4ECF-8CD3-042F37CC1F90}.Debug|Any CPU.Build.0 = Debug|Any CPU
		{66A2DBB4-8AA6-4ECF-8CD3-042F37CC1F90}.Release|Any CPU.ActiveCfg = Release|Any CPU
		{66A2DBB4-8AA6-4ECF-8CD3-042F37CC1F90}.Release|Any CPU.Build.0 = Release|Any CPU
		{CDD737D2-0968-4B97-B676-5496D2D10655}.Debug|Any CPU.ActiveCfg = Debug|Any CPU
		{CDD737D2-0968-4B97-B676-5496D2D10655}.Debug|Any CPU.Build.0 = Debug|Any CPU
		{CDD737D2-0968-4B97-B676-5496D2D10655}.Release|Any CPU.ActiveCfg = Release|Any CPU
		{CDD737D2-0968-4B97-B676-5496D2D10655}.Release|Any CPU.Build.0 = Release|Any CPU
		{17320264-75E1-4C3B-898A-73267EDAEC95}.Debug|Any CPU.ActiveCfg = Debug|Any CPU
		{17320264-75E1-4C3B-898A-73267EDAEC95}.Debug|Any CPU.Build.0 = Debug|Any CPU
		{17320264-75E1-4C3B-898A-73267EDAEC95}.Release|Any CPU.ActiveCfg = Release|Any CPU
		{17320264-75E1-4C3B-898A-73267EDAEC95}.Release|Any CPU.Build.0 = Release|Any CPU
	EndGlobalSection
	GlobalSection(SolutionProperties) = preSolution
		HideSolutionNode = FALSE
	EndGlobalSection
	GlobalSection(NestedProjects) = preSolution
		{66A2DBB4-8AA6-4ECF-8CD3-042F37CC1F90} = {29578D4D-1614-4CF9-9DC6-C3515A8632A5}
		{CDD737D2-0968-4B97-B676-5496D2D10655} = {29578D4D-1614-4CF9-9DC6-C3515A8632A5}
		{17320264-75E1-4C3B-898A-73267EDAEC95} = {B2A12DB0-8EFD-41AF-8F3B-FC52B8B7BF2C}
	EndGlobalSection
	GlobalSection(ExtensibilityGlobals) = postSolution
		SolutionGuid = {2A3D913E-6E36-4AD1-BAC2-CDBEF5AC622B}
	EndGlobalSection
EndGlobal
